
Microsoft Visual Studio Solution File, Format Version 12.00
# Visual Studio 15
VisualStudioVersion = 15.0.27703.2047
MinimumVisualStudioVersion = 10.0.40219.1
Project("{FAE04EC0-301F-11D3-BF4B-00C04F79EFBC}") = "PartyInvites", "PartyInvites\PartyInvites.csproj", "{BDD22380-0C92-4E5C-BFA2-FC23C137372E}"
EndProject
Global
	GlobalSection(SolutionConfigurationPlatforms) = preSolution
		Debug|Any CPU = Debug|Any CPU
		Release|Any CPU = Release|Any CPU
	EndGlobalSection
	GlobalSection(ProjectConfigurationPlatforms) = postSolution
		{BDD22380-0C92-4E5C-BFA2-FC23C137372E}.Debug|Any CPU.ActiveCfg = Debug|Any CPU
		{BDD22380-0C92-4E5C-BFA2-FC23C137372E}.Debug|Any CPU.Build.0 = Debug|Any CPU
		{BDD22380-0C92-4E5C-BFA2-FC23C137372E}.Release|Any CPU.ActiveCfg = Release|Any CPU
		{BDD22380-0C92-4E5C-BFA2-FC23C137372E}.Release|Any CPU.Build.0 = Release|Any CPU
	EndGlobalSection
	GlobalSection(SolutionProperties) = preSolution
		HideSolutionNode = FALSE
	EndGlobalSection
	GlobalSection(ExtensibilityGlobals) = postSolution
		SolutionGuid = {256987E6-BF3C-4EA4-AD3E-C68E07A2350D}
	EndGlobalSection
EndGlobal
